{
  "name": "Cinematic-Cameras-V2",
  "lockfileVersion": 2,
  "requires": true,
  "packages": {
    "": {
      "dependencies": {
        "@minecraft/server": "^1.4.0-beta.1.20.10-preview.24",
        "@minecraft/server-ui": "^1.1.0-rc.1.20.20-preview.20"
      }
    },
    "node_modules/@minecraft/server": {
      "version": "1.4.0-beta.1.20.10-preview.24",
      "resolved": "https://registry.npmjs.org/@minecraft/server/-/server-1.4.0-beta.1.20.10-preview.24.tgz",
      "integrity": "sha512-PwaUixspaMliadSI8Ik2+RcyakfDrm1/Fu2KseFGeZw+4QvoG6AqW30Hq6b9FvfZptT9Jld0t5lGK0kswB1jaQ=="
    },
    "node_modules/@minecraft/server-ui": {
      "version": "1.1.0-rc.1.20.20-preview.20",
      "resolved": "https://registry.npmjs.org/@minecraft/server-ui/-/server-ui-1.1.0-rc.1.20.20-preview.20.tgz",
      "integrity": "sha512-I8m0DsofBMN2w5kuCT2KQ8KMySTFBX7oFf1R73KfZhUGTnRfPUckSOHz+EhmD5K1PgZx3TJC6Ga6q0DsW0qQAg==",
      "dependencies": {
        "@minecraft/server": "^1.2.0-rc.1.20.20-preview.20"
      }
    },
    "node_modules/@minecraft/server-ui/node_modules/@minecraft/server": {
      "version": "1.2.0",
      "resolved": "https://registry.npmjs.org/@minecraft/server/-/server-1.2.0.tgz",
      "integrity": "sha512-z+H0TCo+JDufiUbq00VPQjzbL61j4l7WyNh5ERWQwfngVhuQkkcjlaDLRwixIRzHasCUANxN2EZzd3rCdE5W+A=="
    }
  },
  "dependencies": {
    "@minecraft/server": {
      "version": "1.4.0-beta.1.20.10-preview.24",
      "resolved": "https://registry.npmjs.org/@minecraft/server/-/server-1.4.0-beta.1.20.10-preview.24.tgz",
      "integrity": "sha512-PwaUixspaMliadSI8Ik2+RcyakfDrm1/Fu2KseFGeZw+4QvoG6AqW30Hq6b9FvfZptT9Jld0t5lGK0kswB1jaQ=="
    },
    "@minecraft/server-ui": {
      "version": "1.1.0-rc.1.20.20-preview.20",
      "resolved": "https://registry.npmjs.org/@minecraft/server-ui/-/server-ui-1.1.0-rc.1.20.20-preview.20.tgz",
      "integrity": "sha512-I8m0DsofBMN2w5kuCT2KQ8KMySTFBX7oFf1R73KfZhUGTnRfPUckSOHz+EhmD5K1PgZx3TJC6Ga6q0DsW0qQAg==",
      "requires": {
        "@minecraft/server": "^1.2.0-rc.1.20.20-preview.20"
      },
      "dependencies": {
        "@minecraft/server": {
          "version": "1.2.0",
          "resolved": "https://registry.npmjs.org/@minecraft/server/-/server-1.2.0.tgz",
          "integrity": "sha512-z+H0TCo+JDufiUbq00VPQjzbL61j4l7WyNh5ERWQwfngVhuQkkcjlaDLRwixIRzHasCUANxN2EZzd3rCdE5W+A=="
        }
      }
    }
  }
}
