{
  "name": "Cinematic-Cameras-V2",
  "lockfileVersion": 2,
  "requires": true,
  "packages": {
    "": {
      "dependencies": {
        "@minecraft/server": "^1.1.0-beta.1.19.70-preview.22",
        "@minecraft/server-ui": "^1.0.0-beta.1.19.70-preview.22"
      }
    },
    "node_modules/@minecraft/server": {
      "version": "1.1.0-beta.1.19.70-preview.22",
      "resolved": "https://registry.npmjs.org/@minecraft/server/-/server-1.1.0-beta.1.19.70-preview.22.tgz",
      "integrity": "sha512-dkuy3+TkKORB9ykVu6oBSugZBYZ+IgR+7pJGnvLqwjUaRTcUWXm3BaTyU7sKdZ03k6bUSvSzTiBpxD0YGhB9Pg=="
    },
    "node_modules/@minecraft/server-ui": {
      "version": "1.0.0-beta.1.19.70-preview.22",
      "resolved": "https://registry.npmjs.org/@minecraft/server-ui/-/server-ui-1.0.0-beta.1.19.70-preview.22.tgz",
      "integrity": "sha512-dx7eRF1//rz/7F6yFCQiGu5aLkUAblMUzqfRNr8jA/fWdG7fx2Ui4+m4/PZfukXyvc5IMG24Z8vLqjQkBD+K4g==",
      "dependencies": {
        "@minecraft/server": "1.1.0-beta.1.19.70-preview.22"
      }
    }
  },
  "dependencies": {
    "@minecraft/server": {
      "version": "1.1.0-beta.1.19.70-preview.22",
      "resolved": "https://registry.npmjs.org/@minecraft/server/-/server-1.1.0-beta.1.19.70-preview.22.tgz",
      "integrity": "sha512-dkuy3+TkKORB9ykVu6oBSugZBYZ+IgR+7pJGnvLqwjUaRTcUWXm3BaTyU7sKdZ03k6bUSvSzTiBpxD0YGhB9Pg=="
    },
    "@minecraft/server-ui": {
      "version": "1.0.0-beta.1.19.70-preview.22",
      "resolved": "https://registry.npmjs.org/@minecraft/server-ui/-/server-ui-1.0.0-beta.1.19.70-preview.22.tgz",
      "integrity": "sha512-dx7eRF1//rz/7F6yFCQiGu5aLkUAblMUzqfRNr8jA/fWdG7fx2Ui4+m4/PZfukXyvc5IMG24Z8vLqjQkBD+K4g==",
      "requires": {
        "@minecraft/server": "1.1.0-beta.1.19.70-preview.22"
      }
    }
  }
}
